
Microsoft Visual Studio Solution File, Format Version 12.00
# Visual Studio Version 17
VisualStudioVersion = 17.0.31903.59
MinimumVisualStudioVersion = 10.0.40219.1
Project("{2150E333-8FDC-42A3-9474-1A3956D46DE8}") = "Ch2_Basic", "Ch2_Basic", "{4D3C7074-80D1-472A-A46A-00B5582888B4}"
EndProject
Project("{FAE04EC0-301F-11D3-BF4B-00C04F79EFBC}") = "List", "Ch2_Basic\List\List.csproj", "{EE02C71F-238E-40E8-89D7-5FE648D54176}"
EndProject
Project("{FAE04EC0-301F-11D3-BF4B-00C04F79EFBC}") = "LinkedList", "Ch2_Basic\LinkedList\LinkedList.csproj", "{5EBFC513-A74C-4D39-92A7-819259CE6CD6}"
EndProject
Project("{FAE04EC0-301F-11D3-BF4B-00C04F79EFBC}") = "Stack", "Ch2_Basic\Stack\Stack.csproj", "{F4BB45D5-1A4A-420E-8BAB-B8C88C8061B2}"
EndProject
Global
	GlobalSection(SolutionConfigurationPlatforms) = preSolution
		Debug|Any CPU = Debug|Any CPU
		Release|Any CPU = Release|Any CPU
	EndGlobalSection
	GlobalSection(ProjectConfigurationPlatforms) = postSolution
		{EE02C71F-238E-40E8-89D7-5FE648D54176}.Debug|Any CPU.ActiveCfg = Debug|Any CPU
		{EE02C71F-238E-40E8-89D7-5FE648D54176}.Debug|Any CPU.Build.0 = Debug|Any CPU
		{EE02C71F-238E-40E8-89D7-5FE648D54176}.Release|Any CPU.ActiveCfg = Release|Any CPU
		{EE02C71F-238E-40E8-89D7-5FE648D54176}.Release|Any CPU.Build.0 = Release|Any CPU
		{5EBFC513-A74C-4D39-92A7-819259CE6CD6}.Debug|Any CPU.ActiveCfg = Debug|Any CPU
		{5EBFC513-A74C-4D39-92A7-819259CE6CD6}.Debug|Any CPU.Build.0 = Debug|Any CPU
		{5EBFC513-A74C-4D39-92A7-819259CE6CD6}.Release|Any CPU.ActiveCfg = Release|Any CPU
		{5EBFC513-A74C-4D39-92A7-819259CE6CD6}.Release|Any CPU.Build.0 = Release|Any CPU
		{F4BB45D5-1A4A-420E-8BAB-B8C88C8061B2}.Debug|Any CPU.ActiveCfg = Debug|Any CPU
		{F4BB45D5-1A4A-420E-8BAB-B8C88C8061B2}.Debug|Any CPU.Build.0 = Debug|Any CPU
		{F4BB45D5-1A4A-420E-8BAB-B8C88C8061B2}.Release|Any CPU.ActiveCfg = Release|Any CPU
		{F4BB45D5-1A4A-420E-8BAB-B8C88C8061B2}.Release|Any CPU.Build.0 = Release|Any CPU
	EndGlobalSection
	GlobalSection(SolutionProperties) = preSolution
		HideSolutionNode = FALSE
	EndGlobalSection
	GlobalSection(NestedProjects) = preSolution
		{EE02C71F-238E-40E8-89D7-5FE648D54176} = {4D3C7074-80D1-472A-A46A-00B5582888B4}
		{5EBFC513-A74C-4D39-92A7-819259CE6CD6} = {4D3C7074-80D1-472A-A46A-00B5582888B4}
		{F4BB45D5-1A4A-420E-8BAB-B8C88C8061B2} = {4D3C7074-80D1-472A-A46A-00B5582888B4}
	EndGlobalSection
EndGlobal
